
Microsoft Visual Studio Solution File, Format Version 12.00
# Visual Studio 15
VisualStudioVersion = 15.0.27130.2036
MinimumVisualStudioVersion = 10.0.40219.1
Project("{2150E333-8FDC-42A3-9474-1A3956D46DE8}") = "lib", "lib", "{A3ECDBE3-5487-4635-AA05-597EB42AB395}"
EndProject
Project("{2150E333-8FDC-42A3-9474-1A3956D46DE8}") = "app", "app", "{BA7C2163-9D37-4D39-96AC-9DB9269B97D9}"
EndProject
Project("{FAE04EC0-301F-11D3-BF4B-00C04F79EFBC}") = "NKit.Manager", "NKit.Manager\NKit.Manager.csproj", "{9CAE0FFA-9E3D-4C49-AF99-2FB1454C8E1B}"
	ProjectSection(ProjectDependencies) = postProject
		{5E887E36-5AE0-4EFB-B6AA-4FA9B6911DA9} = {5E887E36-5AE0-4EFB-B6AA-4FA9B6911DA9}
		{248CD44D-7FA9-4E7F-94AA-E1507F527CC0} = {248CD44D-7FA9-4E7F-94AA-E1507F527CC0}
		{76F8B393-7678-4183-8172-D74045686B13} = {76F8B393-7678-4183-8172-D74045686B13}
		{AFA0C4AD-38A8-416D-922D-F66F976F8106} = {AFA0C4AD-38A8-416D-922D-F66F976F8106}
		{6E1DA3F8-DEED-47BA-9E83-382B8F4DC4D9} = {6E1DA3F8-DEED-47BA-9E83-382B8F4DC4D9}
		{4C796AFB-AA0C-4A6E-B85F-EBB07486EA0A} = {4C796AFB-AA0C-4A6E-B85F-EBB07486EA0A}
	EndProjectSection
EndProject
Project("{FAE04EC0-301F-11D3-BF4B-00C04F79EFBC}") = "NKit.Main", "app\NKit.Main\NKit.Main.csproj", "{248CD44D-7FA9-4E7F-94AA-E1507F527CC0}"
EndProject
Project("{2150E333-8FDC-42A3-9474-1A3956D46DE8}") = "common", "common", "{91FBCEEB-423A-4ACA-84B8-80970B97402B}"
EndProject
Project("{FAE04EC0-301F-11D3-BF4B-00C04F79EFBC}") = "NKit.Package", "lib\NKit.Package\NKit.Package.csproj", "{AFA0C4AD-38A8-416D-922D-F66F976F8106}"
EndProject
Project("{2150E333-8FDC-42A3-9474-1A3956D46DE8}") = "test", "test", "{EC7DD560-DC29-47BE-9247-4640D226D853}"
EndProject
Project("{FAE04EC0-301F-11D3-BF4B-00C04F79EFBC}") = "NKit.Main.Test", "app\NKit.Main.Test\NKit.Main.Test.csproj", "{E1BB0FF2-7F0E-48B4-A4A3-C608532F9D69}"
EndProject
Project("{FAE04EC0-301F-11D3-BF4B-00C04F79EFBC}") = "NKit.Utility", "lib\NKit.Utility\NKit.Utility.csproj", "{5E887E36-5AE0-4EFB-B6AA-4FA9B6911DA9}"
EndProject
Project("{FAE04EC0-301F-11D3-BF4B-00C04F79EFBC}") = "NKit.Utility.Test", "lib\NKit.Utility.Test\NKit.Utility.Test.csproj", "{39A3ED0E-0570-460D-8615-166CB5626315}"
EndProject
Project("{2150E333-8FDC-42A3-9474-1A3956D46DE8}") = "test", "test", "{66D532B9-D238-4BFA-A493-7CE2FEA5EFA2}"
EndProject
Project("{FAE04EC0-301F-11D3-BF4B-00C04F79EFBC}") = "NKit.Setting", "lib\NKit.Setting\NKit.Setting.csproj", "{76F8B393-7678-4183-8172-D74045686B13}"
EndProject
Project("{FAE04EC0-301F-11D3-BF4B-00C04F79EFBC}") = "NKit.Rocket", "app\NKit.Rocket\NKit.Rocket.csproj", "{4C796AFB-AA0C-4A6E-B85F-EBB07486EA0A}"
EndProject
Project("{D954291E-2A0B-460D-934E-DC6B0785DB48}") = "NKit.Common.Application", "common\NKit.Common.Application\NKit.Common.Application.shproj", "{9D4F8E27-8F0D-4745-B6D7-BC6997E97BAC}"
EndProject
Project("{FAE04EC0-301F-11D3-BF4B-00C04F79EFBC}") = "NKit.Cameraman", "app\NKit.Cameraman\NKit.Cameraman.csproj", "{6E1DA3F8-DEED-47BA-9E83-382B8F4DC4D9}"
EndProject
Project("{FAE04EC0-301F-11D3-BF4B-00C04F79EFBC}") = "NKit.Common.Link", "common\NKit.Common.Link\NKit.Common.Link.csproj", "{C30011CD-DDC0-4D37-A117-D3E0A20E786F}"
EndProject
Project("{FAE04EC0-301F-11D3-BF4B-00C04F79EFBC}") = "T4", "common\T4\T4.csproj", "{ECE45B28-A582-4C3E-8DD8-065A0AE0540D}"
EndProject
Project("{2150E333-8FDC-42A3-9474-1A3956D46DE8}") = "test", "test", "{50336ED4-17A7-4FA0-8505-FC5FCDD45B1A}"
EndProject
Project("{FAE04EC0-301F-11D3-BF4B-00C04F79EFBC}") = "NKit.Common.Link.Test", "common\NKit.Common.Link.Test\NKit.Common.Link.Test.csproj", "{48480E4E-FE7F-45D7-8757-E6EDDC64758F}"
EndProject
Project("{2150E333-8FDC-42A3-9474-1A3956D46DE8}") = "test", "test", "{9A2B0246-1D08-476A-AF9A-2FF2E0F6CCF6}"
EndProject
Project("{FAE04EC0-301F-11D3-BF4B-00C04F79EFBC}") = "NKit.Manager.Test", "NKit.Manager.Test\NKit.Manager.Test.csproj", "{6B8C3411-A7C8-4DB8-8E52-D2E992629840}"
EndProject
Project("{FAE04EC0-301F-11D3-BF4B-00C04F79EFBC}") = "NKit.Setting.Test", "lib\NKit.Setting.Test\NKit.Setting.Test.csproj", "{26B9FDD8-8B9D-49C7-ACB5-D8DBAE55B8A3}"
EndProject
Project("{FAE04EC0-301F-11D3-BF4B-00C04F79EFBC}") = "NKit.Browser", "lib\NKit.Browser\NKit.Browser.csproj", "{CC68E1CB-A7E5-4444-A2AA-BC436E1537E9}"
EndProject
Global
	GlobalSection(SharedMSBuildProjectFiles) = preSolution
		common\NKit.Common.Application\NKit.Common.Application.projitems*{248cd44d-7fa9-4e7f-94aa-e1507f527cc0}*SharedItemsImports = 4
		common\NKit.Common.Application\NKit.Common.Application.projitems*{4c796afb-aa0c-4a6e-b85f-ebb07486ea0a}*SharedItemsImports = 4
		common\NKit.Common.Application\NKit.Common.Application.projitems*{6e1da3f8-deed-47ba-9e83-382b8f4dc4d9}*SharedItemsImports = 4
		common\NKit.Common.Application\NKit.Common.Application.projitems*{9d4f8e27-8f0d-4745-b6d7-bc6997e97bac}*SharedItemsImports = 13
	EndGlobalSection
	GlobalSection(SolutionConfigurationPlatforms) = preSolution
		Debug|Any CPU = Debug|Any CPU
		Release|Any CPU = Release|Any CPU
	EndGlobalSection
	GlobalSection(ProjectConfigurationPlatforms) = postSolution
		{9CAE0FFA-9E3D-4C49-AF99-2FB1454C8E1B}.Debug|Any CPU.ActiveCfg = Debug|Any CPU
		{9CAE0FFA-9E3D-4C49-AF99-2FB1454C8E1B}.Debug|Any CPU.Build.0 = Debug|Any CPU
		{9CAE0FFA-9E3D-4C49-AF99-2FB1454C8E1B}.Release|Any CPU.ActiveCfg = Release|Any CPU
		{9CAE0FFA-9E3D-4C49-AF99-2FB1454C8E1B}.Release|Any CPU.Build.0 = Release|Any CPU
		{248CD44D-7FA9-4E7F-94AA-E1507F527CC0}.Debug|Any CPU.ActiveCfg = Debug|Any CPU
		{248CD44D-7FA9-4E7F-94AA-E1507F527CC0}.Debug|Any CPU.Build.0 = Debug|Any CPU
		{248CD44D-7FA9-4E7F-94AA-E1507F527CC0}.Release|Any CPU.ActiveCfg = Release|Any CPU
		{248CD44D-7FA9-4E7F-94AA-E1507F527CC0}.Release|Any CPU.Build.0 = Release|Any CPU
		{AFA0C4AD-38A8-416D-922D-F66F976F8106}.Debug|Any CPU.ActiveCfg = Debug|Any CPU
		{AFA0C4AD-38A8-416D-922D-F66F976F8106}.Debug|Any CPU.Build.0 = Debug|Any CPU
		{AFA0C4AD-38A8-416D-922D-F66F976F8106}.Release|Any CPU.ActiveCfg = Release|Any CPU
		{AFA0C4AD-38A8-416D-922D-F66F976F8106}.Release|Any CPU.Build.0 = Release|Any CPU
		{E1BB0FF2-7F0E-48B4-A4A3-C608532F9D69}.Debug|Any CPU.ActiveCfg = Debug|Any CPU
		{E1BB0FF2-7F0E-48B4-A4A3-C608532F9D69}.Debug|Any CPU.Build.0 = Debug|Any CPU
		{E1BB0FF2-7F0E-48B4-A4A3-C608532F9D69}.Release|Any CPU.ActiveCfg = Release|Any CPU
		{E1BB0FF2-7F0E-48B4-A4A3-C608532F9D69}.Release|Any CPU.Build.0 = Release|Any CPU
		{5E887E36-5AE0-4EFB-B6AA-4FA9B6911DA9}.Debug|Any CPU.ActiveCfg = Debug|Any CPU
		{5E887E36-5AE0-4EFB-B6AA-4FA9B6911DA9}.Debug|Any CPU.Build.0 = Debug|Any CPU
		{5E887E36-5AE0-4EFB-B6AA-4FA9B6911DA9}.Release|Any CPU.ActiveCfg = Release|Any CPU
		{5E887E36-5AE0-4EFB-B6AA-4FA9B6911DA9}.Release|Any CPU.Build.0 = Release|Any CPU
		{39A3ED0E-0570-460D-8615-166CB5626315}.Debug|Any CPU.ActiveCfg = Debug|Any CPU
		{39A3ED0E-0570-460D-8615-166CB5626315}.Debug|Any CPU.Build.0 = Debug|Any CPU
		{39A3ED0E-0570-460D-8615-166CB5626315}.Release|Any CPU.ActiveCfg = Release|Any CPU
		{39A3ED0E-0570-460D-8615-166CB5626315}.Release|Any CPU.Build.0 = Release|Any CPU
		{76F8B393-7678-4183-8172-D74045686B13}.Debug|Any CPU.ActiveCfg = Debug|Any CPU
		{76F8B393-7678-4183-8172-D74045686B13}.Debug|Any CPU.Build.0 = Debug|Any CPU
		{76F8B393-7678-4183-8172-D74045686B13}.Release|Any CPU.ActiveCfg = Release|Any CPU
		{76F8B393-7678-4183-8172-D74045686B13}.Release|Any CPU.Build.0 = Release|Any CPU
		{4C796AFB-AA0C-4A6E-B85F-EBB07486EA0A}.Debug|Any CPU.ActiveCfg = Debug|Any CPU
		{4C796AFB-AA0C-4A6E-B85F-EBB07486EA0A}.Debug|Any CPU.Build.0 = Debug|Any CPU
		{4C796AFB-AA0C-4A6E-B85F-EBB07486EA0A}.Release|Any CPU.ActiveCfg = Release|Any CPU
		{4C796AFB-AA0C-4A6E-B85F-EBB07486EA0A}.Release|Any CPU.Build.0 = Release|Any CPU
		{6E1DA3F8-DEED-47BA-9E83-382B8F4DC4D9}.Debug|Any CPU.ActiveCfg = Debug|Any CPU
		{6E1DA3F8-DEED-47BA-9E83-382B8F4DC4D9}.Debug|Any CPU.Build.0 = Debug|Any CPU
		{6E1DA3F8-DEED-47BA-9E83-382B8F4DC4D9}.Release|Any CPU.ActiveCfg = Release|Any CPU
		{6E1DA3F8-DEED-47BA-9E83-382B8F4DC4D9}.Release|Any CPU.Build.0 = Release|Any CPU
		{C30011CD-DDC0-4D37-A117-D3E0A20E786F}.Debug|Any CPU.ActiveCfg = Debug|Any CPU
		{C30011CD-DDC0-4D37-A117-D3E0A20E786F}.Debug|Any CPU.Build.0 = Debug|Any CPU
		{C30011CD-DDC0-4D37-A117-D3E0A20E786F}.Release|Any CPU.ActiveCfg = Release|Any CPU
		{C30011CD-DDC0-4D37-A117-D3E0A20E786F}.Release|Any CPU.Build.0 = Release|Any CPU
		{ECE45B28-A582-4C3E-8DD8-065A0AE0540D}.Debug|Any CPU.ActiveCfg = Debug|Any CPU
		{ECE45B28-A582-4C3E-8DD8-065A0AE0540D}.Debug|Any CPU.Build.0 = Debug|Any CPU
		{ECE45B28-A582-4C3E-8DD8-065A0AE0540D}.Release|Any CPU.ActiveCfg = Release|Any CPU
		{ECE45B28-A582-4C3E-8DD8-065A0AE0540D}.Release|Any CPU.Build.0 = Release|Any CPU
		{48480E4E-FE7F-45D7-8757-E6EDDC64758F}.Debug|Any CPU.ActiveCfg = Debug|Any CPU
		{48480E4E-FE7F-45D7-8757-E6EDDC64758F}.Debug|Any CPU.Build.0 = Debug|Any CPU
		{48480E4E-FE7F-45D7-8757-E6EDDC64758F}.Release|Any CPU.ActiveCfg = Release|Any CPU
		{48480E4E-FE7F-45D7-8757-E6EDDC64758F}.Release|Any CPU.Build.0 = Release|Any CPU
		{6B8C3411-A7C8-4DB8-8E52-D2E992629840}.Debug|Any CPU.ActiveCfg = Debug|Any CPU
		{6B8C3411-A7C8-4DB8-8E52-D2E992629840}.Debug|Any CPU.Build.0 = Debug|Any CPU
		{6B8C3411-A7C8-4DB8-8E52-D2E992629840}.Release|Any CPU.ActiveCfg = Release|Any CPU
		{6B8C3411-A7C8-4DB8-8E52-D2E992629840}.Release|Any CPU.Build.0 = Release|Any CPU
		{26B9FDD8-8B9D-49C7-ACB5-D8DBAE55B8A3}.Debug|Any CPU.ActiveCfg = Debug|Any CPU
		{26B9FDD8-8B9D-49C7-ACB5-D8DBAE55B8A3}.Debug|Any CPU.Build.0 = Debug|Any CPU
		{26B9FDD8-8B9D-49C7-ACB5-D8DBAE55B8A3}.Release|Any CPU.ActiveCfg = Release|Any CPU
		{26B9FDD8-8B9D-49C7-ACB5-D8DBAE55B8A3}.Release|Any CPU.Build.0 = Release|Any CPU
		{CC68E1CB-A7E5-4444-A2AA-BC436E1537E9}.Debug|Any CPU.ActiveCfg = Debug|Any CPU
		{CC68E1CB-A7E5-4444-A2AA-BC436E1537E9}.Debug|Any CPU.Build.0 = Debug|Any CPU
		{CC68E1CB-A7E5-4444-A2AA-BC436E1537E9}.Release|Any CPU.ActiveCfg = Release|Any CPU
		{CC68E1CB-A7E5-4444-A2AA-BC436E1537E9}.Release|Any CPU.Build.0 = Release|Any CPU
	EndGlobalSection
	GlobalSection(SolutionProperties) = preSolution
		HideSolutionNode = FALSE
	EndGlobalSection
	GlobalSection(NestedProjects) = preSolution
		{248CD44D-7FA9-4E7F-94AA-E1507F527CC0} = {BA7C2163-9D37-4D39-96AC-9DB9269B97D9}
		{AFA0C4AD-38A8-416D-922D-F66F976F8106} = {A3ECDBE3-5487-4635-AA05-597EB42AB395}
		{EC7DD560-DC29-47BE-9247-4640D226D853} = {BA7C2163-9D37-4D39-96AC-9DB9269B97D9}
		{E1BB0FF2-7F0E-48B4-A4A3-C608532F9D69} = {EC7DD560-DC29-47BE-9247-4640D226D853}
		{5E887E36-5AE0-4EFB-B6AA-4FA9B6911DA9} = {A3ECDBE3-5487-4635-AA05-597EB42AB395}
		{39A3ED0E-0570-460D-8615-166CB5626315} = {66D532B9-D238-4BFA-A493-7CE2FEA5EFA2}
		{66D532B9-D238-4BFA-A493-7CE2FEA5EFA2} = {A3ECDBE3-5487-4635-AA05-597EB42AB395}
		{76F8B393-7678-4183-8172-D74045686B13} = {A3ECDBE3-5487-4635-AA05-597EB42AB395}
		{4C796AFB-AA0C-4A6E-B85F-EBB07486EA0A} = {BA7C2163-9D37-4D39-96AC-9DB9269B97D9}
		{9D4F8E27-8F0D-4745-B6D7-BC6997E97BAC} = {91FBCEEB-423A-4ACA-84B8-80970B97402B}
		{6E1DA3F8-DEED-47BA-9E83-382B8F4DC4D9} = {BA7C2163-9D37-4D39-96AC-9DB9269B97D9}
		{C30011CD-DDC0-4D37-A117-D3E0A20E786F} = {91FBCEEB-423A-4ACA-84B8-80970B97402B}
		{ECE45B28-A582-4C3E-8DD8-065A0AE0540D} = {91FBCEEB-423A-4ACA-84B8-80970B97402B}
		{50336ED4-17A7-4FA0-8505-FC5FCDD45B1A} = {91FBCEEB-423A-4ACA-84B8-80970B97402B}
		{48480E4E-FE7F-45D7-8757-E6EDDC64758F} = {50336ED4-17A7-4FA0-8505-FC5FCDD45B1A}
		{6B8C3411-A7C8-4DB8-8E52-D2E992629840} = {9A2B0246-1D08-476A-AF9A-2FF2E0F6CCF6}
		{26B9FDD8-8B9D-49C7-ACB5-D8DBAE55B8A3} = {66D532B9-D238-4BFA-A493-7CE2FEA5EFA2}
		{CC68E1CB-A7E5-4444-A2AA-BC436E1537E9} = {A3ECDBE3-5487-4635-AA05-597EB42AB395}
	EndGlobalSection
	GlobalSection(ExtensibilityGlobals) = postSolution
		SolutionGuid = {DCA37A7D-11B2-4BEF-BD2E-1441C71C69AB}
	EndGlobalSection
EndGlobal
